# This file is generated by running "yarn install" inside your project.
# Manual changes might be lost - proceed with caution!

__metadata:
  version: 8
  cacheKey: 10

"@babel/runtime@npm:^7.10.4, @babel/runtime@npm:^7.10.5":
  version: 7.24.1
  resolution: "@babel/runtime@npm:7.24.1"
  dependencies:
    regenerator-runtime: "npm:^0.14.0"
  checksum: 10/3a8d61400c636d1ce3a42895a106cd4dfb4e9b88832a8a754a724c68652f821d7a46dce394305d7623f9f0d3597bf0a98aeb5f9c150ef60e14bbbf66caab4654
  languageName: node
  linkType: hard

"@fluentui/react-component-event-listener@npm:~0.63.0":
  version: 0.63.1
  resolution: "@fluentui/react-component-event-listener@npm:0.63.1"
  dependencies:
    "@babel/runtime": "npm:^7.10.4"
  peerDependencies:
    react: ^16.8.0 || ^17 || ^18
    react-dom: ^16.8.0 || ^17 || ^18
  checksum: 10/15a8b5328160de94442af321f6a9ae941e3dcc365883eebe308b0b212309953b7529e59d35881407749b8fd9391e5601999a6b42e35accf5ee0463985ca77c80
  languageName: node
  linkType: hard

"@fluentui/react-component-ref@npm:~0.63.0":
  version: 0.63.1
  resolution: "@fluentui/react-component-ref@npm:0.63.1"
  dependencies:
    "@babel/runtime": "npm:^7.10.4"
    react-is: "npm:^16.6.3"
  peerDependencies:
    react: ^16.8.0 || ^17 || ^18
    react-dom: ^16.8.0 || ^17 || ^18
  checksum: 10/de1525096b8eaaf6060d761d49f855f2169ab8c90298817ba19db59224ebfda7e82edb131d5368be052dbcfdbb35aaab1edb3254568d5cfb90be3474b88d9318
  languageName: node
  linkType: hard

"@next/env@npm:13.4.19":
  version: 13.4.19
  resolution: "@next/env@npm:13.4.19"
  checksum: 10/9454485caf50292d4b1b4ffdd4794d408a07c43ac3e4688bcca023cd10980232a0a283f6fc48129ae4f3c21ad547b8404beeb84b5e1883815f940cb36a18c2fa
  languageName: node
  linkType: hard

"@next/swc-darwin-arm64@npm:13.4.19":
  version: 13.4.19
  resolution: "@next/swc-darwin-arm64@npm:13.4.19"
  conditions: os=darwin & cpu=arm64
  languageName: node
  linkType: hard

"@next/swc-darwin-x64@npm:13.4.19":
  version: 13.4.19
  resolution: "@next/swc-darwin-x64@npm:13.4.19"
  conditions: os=darwin & cpu=x64
  languageName: node
  linkType: hard

"@next/swc-linux-arm64-gnu@npm:13.4.19":
  version: 13.4.19
  resolution: "@next/swc-linux-arm64-gnu@npm:13.4.19"
  conditions: os=linux & cpu=arm64 & libc=glibc
  languageName: node
  linkType: hard

"@next/swc-linux-arm64-musl@npm:13.4.19":
  version: 13.4.19
  resolution: "@next/swc-linux-arm64-musl@npm:13.4.19"
  conditions: os=linux & cpu=arm64 & libc=musl
  languageName: node
  linkType: hard

"@next/swc-linux-x64-gnu@npm:13.4.19":
  version: 13.4.19
  resolution: "@next/swc-linux-x64-gnu@npm:13.4.19"
  conditions: os=linux & cpu=x64 & libc=glibc
  languageName: node
  linkType: hard

"@next/swc-linux-x64-musl@npm:13.4.19":
  version: 13.4.19
  resolution: "@next/swc-linux-x64-musl@npm:13.4.19"
  conditions: os=linux & cpu=x64 & libc=musl
  languageName: node
  linkType: hard

"@next/swc-win32-arm64-msvc@npm:13.4.19":
  version: 13.4.19
  resolution: "@next/swc-win32-arm64-msvc@npm:13.4.19"
  conditions: os=win32 & cpu=arm64
  languageName: node
  linkType: hard

"@next/swc-win32-ia32-msvc@npm:13.4.19":
  version: 13.4.19
  resolution: "@next/swc-win32-ia32-msvc@npm:13.4.19"
  conditions: os=win32 & cpu=ia32
  languageName: node
  linkType: hard

"@next/swc-win32-x64-msvc@npm:13.4.19":
  version: 13.4.19
  resolution: "@next/swc-win32-x64-msvc@npm:13.4.19"
  conditions: os=win32 & cpu=x64
  languageName: node
  linkType: hard

"@popperjs/core@npm:^2.6.0":
  version: 2.11.8
  resolution: "@popperjs/core@npm:2.11.8"
  checksum: 10/ddd16090cde777aaf102940f05d0274602079a95ad9805bd20bc55dcc7c3a2ba1b99dd5c73e5cc2753c3d31250ca52a67d58059459d7d27debb983a9f552936c
  languageName: node
  linkType: hard

"@semantic-ui-react/event-stack@npm:^3.1.3":
  version: 3.1.3
  resolution: "@semantic-ui-react/event-stack@npm:3.1.3"
  dependencies:
    exenv: "npm:^1.2.2"
    prop-types: "npm:^15.6.2"
  peerDependencies:
    react: ^16.0.0 || ^17.0.0 || ^18.0.0
    react-dom: ^16.0.0 || ^17.0.0 || ^18.0.0
  checksum: 10/ffdb136adc9bfcc8a9ed12466bf91e73a5cffd1e707cb65da4a5b06e92d43e4f57ecd4c886f141518fa5b63915a1ba32bb7afe9453e16ae0186837cd9fc5ffed
  languageName: node
  linkType: hard

"@swc/helpers@npm:0.5.1":
  version: 0.5.1
  resolution: "@swc/helpers@npm:0.5.1"
  dependencies:
    tslib: "npm:^2.4.0"
  checksum: 10/4954c4d2dd97bf965e863a10ffa44c3fdaf7653f2fa9ef1a6cf7ffffd67f3f832216588f9751afd75fdeaea60c4688c75c01e2405119c448f1a109c9a7958c54
  languageName: node
  linkType: hard

"@types/cors@npm:2.8.17":
  version: 2.8.17
  resolution: "@types/cors@npm:2.8.17"
  dependencies:
    "@types/node": "npm:*"
  checksum: 10/469bd85e29a35977099a3745c78e489916011169a664e97c4c3d6538143b0a16e4cc72b05b407dc008df3892ed7bf595f9b7c0f1f4680e169565ee9d64966bde
  languageName: node
  linkType: hard

"@types/node@npm:*":
  version: 20.11.30
  resolution: "@types/node@npm:20.11.30"
  dependencies:
    undici-types: "npm:~5.26.4"
  checksum: 10/78515bc768d2b878e2e06a1c20eb4f5840072b79b8d28ff3dd0a7feaaf48fd3a2ac03cfa5bc7564da82db5906b43e9ba0e5df9f43d870b7aae2942306e208815
  languageName: node
  linkType: hard

"@types/node@npm:18.19.28":
  version: 18.19.28
  resolution: "@types/node@npm:18.19.28"
  dependencies:
    undici-types: "npm:~5.26.4"
  checksum: 10/ee2320c51e00d620fde75c54c70ffd218c104fa3203fc143c9db67e9a26c88b6b28d226b5daa511c77fbaeb2a32bd88c70cabcd07e1fe2fbfda68225ecb06d9b
  languageName: node
  linkType: hard

"@types/prop-types@npm:*":
  version: 15.7.12
  resolution: "@types/prop-types@npm:15.7.12"
  checksum: 10/ac16cc3d0a84431ffa5cfdf89579ad1e2269549f32ce0c769321fdd078f84db4fbe1b461ed5a1a496caf09e637c0e367d600c541435716a55b1d9713f5035dfe
  languageName: node
  linkType: hard

"@types/react@npm:18.2.73":
  version: 18.2.73
  resolution: "@types/react@npm:18.2.73"
  dependencies:
    "@types/prop-types": "npm:*"
    csstype: "npm:^3.0.2"
  checksum: 10/799e30e73464dff40e04f4eb7499ebc31f99b1711a69263b9af340af738e35c9cdf53084e3dacc3b21c031aaa0cba1b51f4ba60490204b7abb75f115b841583f
  languageName: node
  linkType: hard

"busboy@npm:1.6.0":
  version: 1.6.0
  resolution: "busboy@npm:1.6.0"
  dependencies:
    streamsearch: "npm:^1.1.0"
  checksum: 10/bee10fa10ea58e7e3e7489ffe4bda6eacd540a17de9f9cd21cc37e297b2dd9fe52b2715a5841afaec82900750d810d01d7edb4b2d456427f449b92b417579763
  languageName: node
  linkType: hard

"caniuse-lite@npm:^1.0.30001406":
  version: 1.0.30001600
  resolution: "caniuse-lite@npm:1.0.30001600"
  checksum: 10/4c52f83ed71bc5f6e443bd17923460f1c77915adc2c2aa79ddaedceccc690b5917054b0c41b79e9138cbbd9abcdc0db9e224e79e3e734e581dfec06505f3a2b4
  languageName: node
  linkType: hard

"client-only@npm:0.0.1":
  version: 0.0.1
  resolution: "client-only@npm:0.0.1"
  checksum: 10/0c16bf660dadb90610553c1d8946a7fdfb81d624adea073b8440b7d795d5b5b08beb3c950c6a2cf16279365a3265158a236876d92bce16423c485c322d7dfaf8
  languageName: node
  linkType: hard

"clsx@npm:^1.1.1":
  version: 1.2.1
  resolution: "clsx@npm:1.2.1"
  checksum: 10/5ded6f61f15f1fa0350e691ccec43a28b12fb8e64c8e94715f2a937bc3722d4c3ed41d6e945c971fc4dcc2a7213a43323beaf2e1c28654af63ba70c9968a8643
  languageName: node
  linkType: hard

"cors@npm:2.8.5":
  version: 2.8.5
  resolution: "cors@npm:2.8.5"
  dependencies:
    object-assign: "npm:^4"
    vary: "npm:^1"
  checksum: 10/66e88e08edee7cbce9d92b4d28a2028c88772a4c73e02f143ed8ca76789f9b59444eed6b1c167139e76fa662998c151322720093ba229f9941365ada5a6fc2c6
  languageName: node
  linkType: hard

"cross-spawn@npm:^7.0.0":
  version: 7.0.3
  resolution: "cross-spawn@npm:7.0.3"
  dependencies:
    path-key: "npm:^3.1.0"
    shebang-command: "npm:^2.0.0"
    which: "npm:^2.0.1"
  checksum: 10/e1a13869d2f57d974de0d9ef7acbf69dc6937db20b918525a01dacb5032129bd552d290d886d981e99f1b624cb03657084cc87bd40f115c07ecf376821c729ce
  languageName: node
  linkType: hard

"csstype@npm:^3.0.2":
  version: 3.1.3
  resolution: "csstype@npm:3.1.3"
  checksum: 10/f593cce41ff5ade23f44e77521e3a1bcc2c64107041e1bf6c3c32adc5187d0d60983292fda326154d20b01079e24931aa5b08e4467cc488b60bb1e7f6d478ade
  languageName: node
  linkType: hard

"data-uri-to-buffer@npm:^4.0.0":
  version: 4.0.1
  resolution: "data-uri-to-buffer@npm:4.0.1"
  checksum: 10/0d0790b67ffec5302f204c2ccca4494f70b4e2d940fea3d36b09f0bb2b8539c2e86690429eb1f1dc4bcc9e4df0644193073e63d9ee48ac9fce79ec1506e4aa4c
  languageName: node
  linkType: hard

"end-of-stream@npm:^1.1.0":
  version: 1.4.4
  resolution: "end-of-stream@npm:1.4.4"
  dependencies:
    once: "npm:^1.4.0"
  checksum: 10/530a5a5a1e517e962854a31693dbb5c0b2fc40b46dad2a56a2deec656ca040631124f4795823acc68238147805f8b021abbe221f4afed5ef3c8e8efc2024908b
  languageName: node
  linkType: hard

"execa@npm:^4.1.0":
  version: 4.1.0
  resolution: "execa@npm:4.1.0"
  dependencies:
    cross-spawn: "npm:^7.0.0"
    get-stream: "npm:^5.0.0"
    human-signals: "npm:^1.1.1"
    is-stream: "npm:^2.0.0"
    merge-stream: "npm:^2.0.0"
    npm-run-path: "npm:^4.0.0"
    onetime: "npm:^5.1.0"
    signal-exit: "npm:^3.0.2"
    strip-final-newline: "npm:^2.0.0"
  checksum: 10/ed58e41fe424797f3d837c8fb622548eeb72fa03324f2676af95f806568904eb55f196127a097f87d4517cab524c169ece13e6c9e201867de57b089584864b8f
  languageName: node
  linkType: hard

"exenv@npm:^1.2.2":
  version: 1.2.2
  resolution: "exenv@npm:1.2.2"
  checksum: 10/6840185e421394bcb143debb866d31d19c3e4a4bca87d2f319d68d61afff353b3c678f2eb389e3b98ab9aecbec19f6bebbdc4193984378af0a3366c498a7efc8
  languageName: node
  linkType: hard

"fetch-blob@npm:^3.1.2, fetch-blob@npm:^3.1.4":
  version: 3.2.0
  resolution: "fetch-blob@npm:3.2.0"
  dependencies:
    node-domexception: "npm:^1.0.0"
    web-streams-polyfill: "npm:^3.0.3"
  checksum: 10/5264ecceb5fdc19eb51d1d0359921f12730941e333019e673e71eb73921146dceabcb0b8f534582be4497312d656508a439ad0f5edeec2b29ab2e10c72a1f86b
  languageName: node
  linkType: hard

"find-up@npm:^4.1.0":
  version: 4.1.0
  resolution: "find-up@npm:4.1.0"
  dependencies:
    locate-path: "npm:^5.0.0"
    path-exists: "npm:^4.0.0"
  checksum: 10/4c172680e8f8c1f78839486e14a43ef82e9decd0e74145f40707cc42e7420506d5ec92d9a11c22bd2c48fb0c384ea05dd30e10dd152fefeec6f2f75282a8b844
  languageName: node
  linkType: hard

"formdata-polyfill@npm:^4.0.10":
  version: 4.0.10
  resolution: "formdata-polyfill@npm:4.0.10"
  dependencies:
    fetch-blob: "npm:^3.1.2"
  checksum: 10/9b5001d2edef3c9449ac3f48bd4f8cc92e7d0f2e7c1a5c8ba555ad4e77535cc5cf621fabe49e97f304067037282dd9093b9160a3cb533e46420b446c4e6bc06f
  languageName: node
  linkType: hard

"get-stream@npm:^5.0.0":
  version: 5.2.0
  resolution: "get-stream@npm:5.2.0"
  dependencies:
    pump: "npm:^3.0.0"
  checksum: 10/13a73148dca795e41421013da6e3ebff8ccb7fba4d2f023fd0c6da2c166ec4e789bec9774a73a7b49c08daf2cae552f8a3e914042ac23b5f59dd278cc8f9cbfb
  languageName: node
  linkType: hard

"glob-to-regexp@npm:^0.4.1":
  version: 0.4.1
  resolution: "glob-to-regexp@npm:0.4.1"
  checksum: 10/9009529195a955c40d7b9690794aeff5ba665cc38f1519e111c58bb54366fd0c106bde80acf97ba4e533208eb53422c83b136611a54c5fefb1edd8dc267cb62e
  languageName: node
  linkType: hard

"graceful-fs@npm:^4.1.2":
  version: 4.2.11
  resolution: "graceful-fs@npm:4.2.11"
  checksum: 10/bf152d0ed1dc159239db1ba1f74fdbc40cb02f626770dcd5815c427ce0688c2635a06ed69af364396da4636d0408fcf7d4afdf7881724c3307e46aff30ca49e2
  languageName: node
  linkType: hard

"human-signals@npm:^1.1.1":
  version: 1.1.1
  resolution: "human-signals@npm:1.1.1"
  checksum: 10/6a58224dffcef5588910b1028bda8623c9a7053460a1fe3367e61921a6b5f6b93aba30f323868a958f968d7de3f5f78421f11d4d9f7e9563b1bd2b00ed9a4deb
  languageName: node
  linkType: hard

"ignore@npm:^5.3.0":
  version: 5.3.1
  resolution: "ignore@npm:5.3.1"
  checksum: 10/0a884c2fbc8c316f0b9f92beaf84464253b73230a4d4d286697be45fca081199191ca33e1c2e82d9e5f851f5e9a48a78e25a35c951e7eb41e59f150db3530065
  languageName: node
  linkType: hard

"is-stream@npm:^2.0.0":
  version: 2.0.1
  resolution: "is-stream@npm:2.0.1"
  checksum: 10/b8e05ccdf96ac330ea83c12450304d4a591f9958c11fd17bed240af8d5ffe08aedafa4c0f4cfccd4d28dc9d4d129daca1023633d5c11601a6cbc77521f6fae66
  languageName: node
  linkType: hard

"isexe@npm:^2.0.0":
  version: 2.0.0
  resolution: "isexe@npm:2.0.0"
  checksum: 10/7c9f715c03aff08f35e98b1fadae1b9267b38f0615d501824f9743f3aab99ef10e303ce7db3f186763a0b70a19de5791ebfc854ff884d5a8c4d92211f642ec92
  languageName: node
  linkType: hard

"isomorphic-unfetch@npm:4.0.2":
  version: 4.0.2
  resolution: "isomorphic-unfetch@npm:4.0.2"
  dependencies:
    node-fetch: "npm:^3.2.0"
    unfetch: "npm:^5.0.0"
  checksum: 10/53561c3e42de8b1d6719563906d0e04367b3cc55b5eb2e5fc1dbd6445ae4a79f914d481716ab5f2ff188e2df45c730bfcc610364df24844514862f52760c14fd
  languageName: node
  linkType: hard

"jquery@npm:x.*":
  version: 3.7.1
  resolution: "jquery@npm:3.7.1"
  checksum: 10/17be9929f5fa37697d9848284f0d108c543318ef79ec794e130cd0c49f6c050d60c803a69e8cfa16fa19f5ff7cdb814a6905cceab0831186560c65ed113cd579
  languageName: node
  linkType: hard

"js-tokens@npm:^3.0.0 || ^4.0.0":
  version: 4.0.0
  resolution: "js-tokens@npm:4.0.0"
  checksum: 10/af37d0d913fb56aec6dc0074c163cc71cd23c0b8aad5c2350747b6721d37ba118af35abdd8b33c47ec2800de07dedb16a527ca9c530ee004093e04958bd0cbf2
  languageName: node
  linkType: hard

"keyboard-key@npm:^1.1.0":
  version: 1.1.0
  resolution: "keyboard-key@npm:1.1.0"
  checksum: 10/2fbd678dd8c53be62f1fe2c4d12ba1d54a01945f70969f48ee61599ed83289c1654d248b74950006d8756df5a0976bb6c8a88ec2574353d8c1363195a09ec2ed
  languageName: node
  linkType: hard

"locate-path@npm:^5.0.0":
  version: 5.0.0
  resolution: "locate-path@npm:5.0.0"
  dependencies:
    p-locate: "npm:^4.1.0"
  checksum: 10/83e51725e67517287d73e1ded92b28602e3ae5580b301fe54bfb76c0c723e3f285b19252e375712316774cf52006cb236aed5704692c32db0d5d089b69696e30
  languageName: node
  linkType: hard

"lodash-es@npm:^4.17.21":
  version: 4.17.21
  resolution: "lodash-es@npm:4.17.21"
  checksum: 10/03f39878ea1e42b3199bd3f478150ab723f93cc8730ad86fec1f2804f4a07c6e30deaac73cad53a88e9c3db33348bb8ceeb274552390e7a75d7849021c02df43
  languageName: node
  linkType: hard

"lodash@npm:^4.17.21":
  version: 4.17.21
  resolution: "lodash@npm:4.17.21"
  checksum: 10/c08619c038846ea6ac754abd6dd29d2568aa705feb69339e836dfa8d8b09abbb2f859371e86863eda41848221f9af43714491467b5b0299122431e202bb0c532
  languageName: node
  linkType: hard

"loose-envify@npm:^1.0.0, loose-envify@npm:^1.1.0, loose-envify@npm:^1.4.0":
  version: 1.4.0
  resolution: "loose-envify@npm:1.4.0"
  dependencies:
    js-tokens: "npm:^3.0.0 || ^4.0.0"
  bin:
    loose-envify: cli.js
  checksum: 10/6517e24e0cad87ec9888f500c5b5947032cdfe6ef65e1c1936a0c48a524b81e65542c9c3edc91c97d5bddc806ee2a985dbc79be89215d613b1de5db6d1cfe6f4
  languageName: node
  linkType: hard

"merge-stream@npm:^2.0.0":
  version: 2.0.0
  resolution: "merge-stream@npm:2.0.0"
  checksum: 10/6fa4dcc8d86629705cea944a4b88ef4cb0e07656ebf223fa287443256414283dd25d91c1cd84c77987f2aec5927af1a9db6085757cb43d90eb170ebf4b47f4f4
  languageName: node
  linkType: hard

"mimic-fn@npm:^2.1.0":
  version: 2.1.0
  resolution: "mimic-fn@npm:2.1.0"
  checksum: 10/d2421a3444848ce7f84bd49115ddacff29c15745db73f54041edc906c14b131a38d05298dae3081667627a59b2eb1ca4b436ff2e1b80f69679522410418b478a
  languageName: node
  linkType: hard

"mri@npm:^1.2.0":
  version: 1.2.0
  resolution: "mri@npm:1.2.0"
  checksum: 10/6775a1d2228bb9d191ead4efc220bd6be64f943ad3afd4dcb3b3ac8fc7b87034443f666e38805df38e8d047b29f910c3cc7810da0109af83e42c82c73bd3f6bc
  languageName: node
  linkType: hard

"nanoid@npm:^3.3.4":
  version: 3.3.7
  resolution: "nanoid@npm:3.3.7"
  bin:
    nanoid: bin/nanoid.cjs
  checksum: 10/ac1eb60f615b272bccb0e2b9cd933720dad30bf9708424f691b8113826bb91aca7e9d14ef5d9415a6ba15c266b37817256f58d8ce980c82b0ba3185352565679
  languageName: node
  linkType: hard

"next@npm:13.4.19":
  version: 13.4.19
  resolution: "next@npm:13.4.19"
  dependencies:
    "@next/env": "npm:13.4.19"
    "@next/swc-darwin-arm64": "npm:13.4.19"
    "@next/swc-darwin-x64": "npm:13.4.19"
    "@next/swc-linux-arm64-gnu": "npm:13.4.19"
    "@next/swc-linux-arm64-musl": "npm:13.4.19"
    "@next/swc-linux-x64-gnu": "npm:13.4.19"
    "@next/swc-linux-x64-musl": "npm:13.4.19"
    "@next/swc-win32-arm64-msvc": "npm:13.4.19"
    "@next/swc-win32-ia32-msvc": "npm:13.4.19"
    "@next/swc-win32-x64-msvc": "npm:13.4.19"
    "@swc/helpers": "npm:0.5.1"
    busboy: "npm:1.6.0"
    caniuse-lite: "npm:^1.0.30001406"
    postcss: "npm:8.4.14"
    styled-jsx: "npm:5.1.1"
    watchpack: "npm:2.4.0"
    zod: "npm:3.21.4"
  peerDependencies:
    "@opentelemetry/api": ^1.1.0
    react: ^18.2.0
    react-dom: ^18.2.0
    sass: ^1.3.0
  dependenciesMeta:
    "@next/swc-darwin-arm64":
      optional: true
    "@next/swc-darwin-x64":
      optional: true
    "@next/swc-linux-arm64-gnu":
      optional: true
    "@next/swc-linux-arm64-musl":
      optional: true
    "@next/swc-linux-x64-gnu":
      optional: true
    "@next/swc-linux-x64-musl":
      optional: true
    "@next/swc-win32-arm64-msvc":
      optional: true
    "@next/swc-win32-ia32-msvc":
      optional: true
    "@next/swc-win32-x64-msvc":
      optional: true
  peerDependenciesMeta:
    "@opentelemetry/api":
      optional: true
    sass:
      optional: true
  bin:
    next: dist/bin/next
  checksum: 10/e5180f07d5d0fd8603ae6f57966c8051a67c69cc07f1d472f1947c82dd1961ec2d57480012f234101f9a0ac90c85839798972efe9b91512417f34db0d2dcbf29
  languageName: node
  linkType: hard

"node-domexception@npm:^1.0.0":
  version: 1.0.0
  resolution: "node-domexception@npm:1.0.0"
  checksum: 10/e332522f242348c511640c25a6fc7da4f30e09e580c70c6b13cb0be83c78c3e71c8d4665af2527e869fc96848924a4316ae7ec9014c091e2156f41739d4fa233
  languageName: node
  linkType: hard

"node-fetch@npm:^3.2.0":
  version: 3.3.2
  resolution: "node-fetch@npm:3.3.2"
  dependencies:
    data-uri-to-buffer: "npm:^4.0.0"
    fetch-blob: "npm:^3.1.4"
    formdata-polyfill: "npm:^4.0.10"
  checksum: 10/24207ca8c81231c7c59151840e3fded461d67a31cf3e3b3968e12201a42f89ce4a0b5fb7079b1fa0a4655957b1ca9257553200f03a9f668b45ebad265ca5593d
  languageName: node
  linkType: hard

"npm-run-path@npm:^4.0.0":
  version: 4.0.1
  resolution: "npm-run-path@npm:4.0.1"
  dependencies:
    path-key: "npm:^3.0.0"
  checksum: 10/5374c0cea4b0bbfdfae62da7bbdf1e1558d338335f4cacf2515c282ff358ff27b2ecb91ffa5330a8b14390ac66a1e146e10700440c1ab868208430f56b5f4d23
  languageName: node
  linkType: hard

"object-assign@npm:^4, object-assign@npm:^4.1.1":
  version: 4.1.1
  resolution: "object-assign@npm:4.1.1"
  checksum: 10/fcc6e4ea8c7fe48abfbb552578b1c53e0d194086e2e6bbbf59e0a536381a292f39943c6e9628af05b5528aa5e3318bb30d6b2e53cadaf5b8fe9e12c4b69af23f
  languageName: node
  linkType: hard

"once@npm:^1.3.1, once@npm:^1.4.0":
  version: 1.4.0
  resolution: "once@npm:1.4.0"
  dependencies:
    wrappy: "npm:1"
  checksum: 10/cd0a88501333edd640d95f0d2700fbde6bff20b3d4d9bdc521bdd31af0656b5706570d6c6afe532045a20bb8dc0849f8332d6f2a416e0ba6d3d3b98806c7db68
  languageName: node
  linkType: hard

"onetime@npm:^5.1.0":
  version: 5.1.2
  resolution: "onetime@npm:5.1.2"
  dependencies:
    mimic-fn: "npm:^2.1.0"
  checksum: 10/e9fd0695a01cf226652f0385bf16b7a24153dbbb2039f764c8ba6d2306a8506b0e4ce570de6ad99c7a6eb49520743afdb66edd95ee979c1a342554ed49a9aadd
  languageName: node
  linkType: hard

"p-limit@npm:^2.2.0":
  version: 2.3.0
  resolution: "p-limit@npm:2.3.0"
  dependencies:
    p-try: "npm:^2.0.0"
  checksum: 10/84ff17f1a38126c3314e91ecfe56aecbf36430940e2873dadaa773ffe072dc23b7af8e46d4b6485d302a11673fe94c6b67ca2cfbb60c989848b02100d0594ac1
  languageName: node
  linkType: hard

"p-locate@npm:^4.1.0":
  version: 4.1.0
  resolution: "p-locate@npm:4.1.0"
  dependencies:
    p-limit: "npm:^2.2.0"
  checksum: 10/513bd14a455f5da4ebfcb819ef706c54adb09097703de6aeaa5d26fe5ea16df92b48d1ac45e01e3944ce1e6aa2a66f7f8894742b8c9d6e276e16cd2049a2b870
  languageName: node
  linkType: hard

"p-try@npm:^2.0.0":
  version: 2.2.0
  resolution: "p-try@npm:2.2.0"
  checksum: 10/f8a8e9a7693659383f06aec604ad5ead237c7a261c18048a6e1b5b85a5f8a067e469aa24f5bc009b991ea3b058a87f5065ef4176793a200d4917349881216cae
  languageName: node
  linkType: hard

"path-exists@npm:^4.0.0":
  version: 4.0.0
  resolution: "path-exists@npm:4.0.0"
  checksum: 10/505807199dfb7c50737b057dd8d351b82c033029ab94cb10a657609e00c1bc53b951cfdbccab8de04c5584d5eff31128ce6afd3db79281874a5ef2adbba55ed1
  languageName: node
  linkType: hard

"path-key@npm:^3.0.0, path-key@npm:^3.1.0":
  version: 3.1.1
  resolution: "path-key@npm:3.1.1"
  checksum: 10/55cd7a9dd4b343412a8386a743f9c746ef196e57c823d90ca3ab917f90ab9f13dd0ded27252ba49dbdfcab2b091d998bc446f6220cd3cea65db407502a740020
  languageName: node
  linkType: hard

"picocolors@npm:^1.0.0":
  version: 1.0.0
  resolution: "picocolors@npm:1.0.0"
  checksum: 10/a2e8092dd86c8396bdba9f2b5481032848525b3dc295ce9b57896f931e63fc16f79805144321f72976383fc249584672a75cc18d6777c6b757603f372f745981
  languageName: node
  linkType: hard

"picomatch@npm:^3.0.1":
  version: 3.0.1
  resolution: "picomatch@npm:3.0.1"
  checksum: 10/65ac837fedbd0640586f7c214f6c7481e1e12f41cdcd22a95eb6a2914d1773707ed0f0b5bd2d1e39b5ec7860b43a4c9150152332a3884cd8dd1d419b2a2fa5b5
  languageName: node
  linkType: hard

"platzi-nextjs@workspace:.":
  version: 0.0.0-use.local
  resolution: "platzi-nextjs@workspace:."
  dependencies:
    "@types/cors": "npm:2.8.17"
    "@types/node": "npm:18.19.28"
    "@types/react": "npm:18.2.73"
    cors: "npm:2.8.5"
    isomorphic-unfetch: "npm:4.0.2"
    next: "npm:13.4.19"
    prettier: "npm:3.2.5"
    pretty-quick: "npm:3.3.1"
    react: "npm:18.2.0"
    react-dom: "npm:18.2.0"
    semantic-ui-css: "npm:2.5.0"
    semantic-ui-react: "npm:2.1.5"
    styled-jsx: "npm:^5.1.2"
    typescript: "npm:5.4.3"
  languageName: unknown
  linkType: soft

"postcss@npm:8.4.14":
  version: 8.4.14
  resolution: "postcss@npm:8.4.14"
  dependencies:
    nanoid: "npm:^3.3.4"
    picocolors: "npm:^1.0.0"
    source-map-js: "npm:^1.0.2"
  checksum: 10/1940e8d1da04a2ac3e518735ab3e9563e2255bfab14cecc8c11fee97b2a36ac5fee496bccfc7057aaae7ff3accae463cd800d746238cf691bd65a32dba5cb7be
  languageName: node
  linkType: hard

"prettier@npm:3.2.5":
  version: 3.2.5
  resolution: "prettier@npm:3.2.5"
  bin:
    prettier: bin/prettier.cjs
  checksum: 10/d509f9da0b70e8cacc561a1911c0d99ec75117faed27b95cc8534cb2349667dee6351b0ca83fa9d5703f14127faa52b798de40f5705f02d843da133fc3aa416a
  languageName: node
  linkType: hard

"pretty-quick@npm:3.3.1":
  version: 3.3.1
  resolution: "pretty-quick@npm:3.3.1"
  dependencies:
    execa: "npm:^4.1.0"
    find-up: "npm:^4.1.0"
    ignore: "npm:^5.3.0"
    mri: "npm:^1.2.0"
    picocolors: "npm:^1.0.0"
    picomatch: "npm:^3.0.1"
    tslib: "npm:^2.6.2"
  peerDependencies:
    prettier: ^2.0.0
  bin:
    pretty-quick: dist/cli.js
  checksum: 10/34e5e0542f15f03d83555a61d7f0817009bee8abca453d472958eb64475b495f9c00dd25199908b5de45ba1fd7cd63fd657097b2cfe8775f745680583be54c6a
  languageName: node
  linkType: hard

"prop-types@npm:^15.6.2, prop-types@npm:^15.7.2":
  version: 15.8.1
  resolution: "prop-types@npm:15.8.1"
  dependencies:
    loose-envify: "npm:^1.4.0"
    object-assign: "npm:^4.1.1"
    react-is: "npm:^16.13.1"
  checksum: 10/7d959caec002bc964c86cdc461ec93108b27337dabe6192fb97d69e16a0c799a03462713868b40749bfc1caf5f57ef80ac3e4ffad3effa636ee667582a75e2c0
  languageName: node
  linkType: hard

"pump@npm:^3.0.0":
  version: 3.0.0
  resolution: "pump@npm:3.0.0"
  dependencies:
    end-of-stream: "npm:^1.1.0"
    once: "npm:^1.3.1"
  checksum: 10/e42e9229fba14732593a718b04cb5e1cfef8254544870997e0ecd9732b189a48e1256e4e5478148ecb47c8511dca2b09eae56b4d0aad8009e6fac8072923cfc9
  languageName: node
  linkType: hard

"react-dom@npm:18.2.0":
  version: 18.2.0
  resolution: "react-dom@npm:18.2.0"
  dependencies:
    loose-envify: "npm:^1.1.0"
    scheduler: "npm:^0.23.0"
  peerDependencies:
    react: ^18.2.0
  checksum: 10/ca5e7762ec8c17a472a3605b6f111895c9f87ac7d43a610ab7024f68cd833d08eda0625ce02ec7178cc1f3c957cf0b9273cdc17aa2cd02da87544331c43b1d21
  languageName: node
  linkType: hard

"react-fast-compare@npm:^3.0.1":
  version: 3.2.2
  resolution: "react-fast-compare@npm:3.2.2"
  checksum: 10/a6826180ba75cefba1c8d3ac539735f9b627ca05d3d307fe155487f5d0228d376dac6c9708d04a283a7b9f9aee599b637446635b79c8c8753d0b4eece56c125c
  languageName: node
  linkType: hard

"react-is@npm:^16.13.1, react-is@npm:^16.6.3":
  version: 16.13.1
  resolution: "react-is@npm:16.13.1"
  checksum: 10/5aa564a1cde7d391ac980bedee21202fc90bdea3b399952117f54fb71a932af1e5902020144fb354b4690b2414a0c7aafe798eb617b76a3d441d956db7726fdf
  languageName: node
  linkType: hard

"react-is@npm:^16.8.6 || ^17.0.0 || ^18.0.0":
  version: 18.2.0
  resolution: "react-is@npm:18.2.0"
  checksum: 10/200cd65bf2e0be7ba6055f647091b725a45dd2a6abef03bf2380ce701fd5edccee40b49b9d15edab7ac08a762bf83cb4081e31ec2673a5bfb549a36ba21570df
  languageName: node
  linkType: hard

"react-popper@npm:^2.3.0":
  version: 2.3.0
  resolution: "react-popper@npm:2.3.0"
  dependencies:
    react-fast-compare: "npm:^3.0.1"
    warning: "npm:^4.0.2"
  peerDependencies:
    "@popperjs/core": ^2.0.0
    react: ^16.8.0 || ^17 || ^18
    react-dom: ^16.8.0 || ^17 || ^18
  checksum: 10/2afc495479ae4b9e67f9a1642debd7121947fe71a00c5b326301adb8288a18dca53ebd836fe9c3b7a4e2feb838df0abe8e044eb278e89b1c5d50978b0b93d0ac
  languageName: node
  linkType: hard

"react@npm:18.2.0":
  version: 18.2.0
  resolution: "react@npm:18.2.0"
  dependencies:
    loose-envify: "npm:^1.1.0"
  checksum: 10/b9214a9bd79e99d08de55f8bef2b7fc8c39630be97c4e29d7be173d14a9a10670b5325e94485f74cd8bff4966ef3c78ee53c79a7b0b9b70cba20aa8973acc694
  languageName: node
  linkType: hard

"regenerator-runtime@npm:^0.14.0":
  version: 0.14.1
  resolution: "regenerator-runtime@npm:0.14.1"
  checksum: 10/5db3161abb311eef8c45bcf6565f4f378f785900ed3945acf740a9888c792f75b98ecb77f0775f3bf95502ff423529d23e94f41d80c8256e8fa05ed4b07cf471
  languageName: node
  linkType: hard

"scheduler@npm:^0.23.0":
  version: 0.23.0
  resolution: "scheduler@npm:0.23.0"
  dependencies:
    loose-envify: "npm:^1.1.0"
  checksum: 10/0c4557aa37bafca44ff21dc0ea7c92e2dbcb298bc62eae92b29a39b029134f02fb23917d6ebc8b1fa536b4184934314c20d8864d156a9f6357f3398aaf7bfda8
  languageName: node
  linkType: hard

"semantic-ui-css@npm:2.5.0":
  version: 2.5.0
  resolution: "semantic-ui-css@npm:2.5.0"
  dependencies:
    jquery: "npm:x.*"
  checksum: 10/830b438d10b9f654da6c3076103bf78074be0747c59d64089a3393aeefade301732a5d8a01d5e77f1d580b50e340e762563ddce9869665d2f31b69833c55ee63
  languageName: node
  linkType: hard

"semantic-ui-react@npm:2.1.5":
  version: 2.1.5
  resolution: "semantic-ui-react@npm:2.1.5"
  dependencies:
    "@babel/runtime": "npm:^7.10.5"
    "@fluentui/react-component-event-listener": "npm:~0.63.0"
    "@fluentui/react-component-ref": "npm:~0.63.0"
    "@popperjs/core": "npm:^2.6.0"
    "@semantic-ui-react/event-stack": "npm:^3.1.3"
    clsx: "npm:^1.1.1"
    keyboard-key: "npm:^1.1.0"
    lodash: "npm:^4.17.21"
    lodash-es: "npm:^4.17.21"
    prop-types: "npm:^15.7.2"
    react-is: "npm:^16.8.6 || ^17.0.0 || ^18.0.0"
    react-popper: "npm:^2.3.0"
    shallowequal: "npm:^1.1.0"
  peerDependencies:
    react: ^16.8.0 || ^17.0.0 || ^18.0.0
    react-dom: ^16.8.0 || ^17.0.0 || ^18.0.0
  checksum: 10/9796f5e49436853e3f8c9c02d93ad7ccf6f78707967f33de04401573c761060490e81e5a13216015a96ad5b7cd1c375d86a09a5ae884b1bf13a3df5fdf6a5da2
  languageName: node
  linkType: hard

"shallowequal@npm:^1.1.0":
  version: 1.1.0
  resolution: "shallowequal@npm:1.1.0"
  checksum: 10/f4c1de0837f106d2dbbfd5d0720a5d059d1c66b42b580965c8f06bb1db684be8783538b684092648c981294bf817869f743a066538771dbecb293df78f765e00
  languageName: node
  linkType: hard

"shebang-command@npm:^2.0.0":
  version: 2.0.0
  resolution: "shebang-command@npm:2.0.0"
  dependencies:
    shebang-regex: "npm:^3.0.0"
  checksum: 10/6b52fe87271c12968f6a054e60f6bde5f0f3d2db483a1e5c3e12d657c488a15474121a1d55cd958f6df026a54374ec38a4a963988c213b7570e1d51575cea7fa
  languageName: node
  linkType: hard

"shebang-regex@npm:^3.0.0":
  version: 3.0.0
  resolution: "shebang-regex@npm:3.0.0"
  checksum: 10/1a2bcae50de99034fcd92ad4212d8e01eedf52c7ec7830eedcf886622804fe36884278f2be8be0ea5fde3fd1c23911643a4e0f726c8685b61871c8908af01222
  languageName: node
  linkType: hard

"signal-exit@npm:^3.0.2":
  version: 3.0.7
  resolution: "signal-exit@npm:3.0.7"
  checksum: 10/a2f098f247adc367dffc27845853e9959b9e88b01cb301658cfe4194352d8d2bb32e18467c786a7fe15f1d44b233ea35633d076d5e737870b7139949d1ab6318
  languageName: node
  linkType: hard

"source-map-js@npm:^1.0.2":
  version: 1.2.0
  resolution: "source-map-js@npm:1.2.0"
  checksum: 10/74f331cfd2d121c50790c8dd6d3c9de6be21926de80583b23b37029b0f37aefc3e019fa91f9a10a5e120c08135297e1ecf312d561459c45908cb1e0e365f49e5
  languageName: node
  linkType: hard

"streamsearch@npm:^1.1.0":
  version: 1.1.0
  resolution: "streamsearch@npm:1.1.0"
  checksum: 10/612c2b2a7dbcc859f74597112f80a42cbe4d448d03da790d5b7b39673c1197dd3789e91cd67210353e58857395d32c1e955a9041c4e6d5bae723436b3ed9ed14
  languageName: node
  linkType: hard

"strip-final-newline@npm:^2.0.0":
  version: 2.0.0
  resolution: "strip-final-newline@npm:2.0.0"
  checksum: 10/69412b5e25731e1938184b5d489c32e340605bb611d6140344abc3421b7f3c6f9984b21dff296dfcf056681b82caa3bb4cc996a965ce37bcfad663e92eae9c64
  languageName: node
  linkType: hard

"styled-jsx@npm:5.1.1":
  version: 5.1.1
  resolution: "styled-jsx@npm:5.1.1"
  dependencies:
    client-only: "npm:0.0.1"
  peerDependencies:
    react: ">= 16.8.0 || 17.x.x || ^18.0.0-0"
  peerDependenciesMeta:
    "@babel/core":
      optional: true
    babel-plugin-macros:
      optional: true
  checksum: 10/4f6a5d0010770fdeea1183d919d528fd46c484e23c0535ef3e1dd49488116f639c594f3bd4440e3bc8a8686c9f8d53c5761599870ff039ede11a5c3bfe08a4be
  languageName: node
  linkType: hard

"styled-jsx@npm:^5.1.2":
  version: 5.1.2
  resolution: "styled-jsx@npm:5.1.2"
  dependencies:
    client-only: "npm:0.0.1"
  peerDependencies:
    react: ">= 16.8.0 || 17.x.x || ^18.0.0-0"
  peerDependenciesMeta:
    "@babel/core":
      optional: true
    babel-plugin-macros:
      optional: true
  checksum: 10/c72c3c69a279b16a6bc26fb5ca7dca3d6f5b18e4e45f822d5059f50bfe8cfbc347889a57c6b07ee1feb11df7cc871c344059f0ffcc4b2c9969b47e1bf5e9ec19
  languageName: node
  linkType: hard

"tslib@npm:^2.4.0, tslib@npm:^2.6.2":
  version: 2.6.2
  resolution: "tslib@npm:2.6.2"
  checksum: 10/bd26c22d36736513980091a1e356378e8b662ded04204453d353a7f34a4c21ed0afc59b5f90719d4ba756e581a162ecbf93118dc9c6be5acf70aa309188166ca
  languageName: node
  linkType: hard

"typescript@npm:5.4.3":
  version: 5.4.3
  resolution: "typescript@npm:5.4.3"
  bin:
    tsc: bin/tsc
    tsserver: bin/tsserver
  checksum: 10/de4c69f49a7ad4b1ea66a6dcc8b055ac34eb56af059a069d8988dd811c5e649be07e042e5bf573e8d0ac3ec2f30e6c999aa651cd09f6e9cbc6113749e8b6be20
  languageName: node
  linkType: hard

"typescript@patch:typescript@npm%3A5.4.3#optional!builtin<compat/typescript>":
  version: 5.4.3
  resolution: "typescript@patch:typescript@npm%3A5.4.3#optional!builtin<compat/typescript>::version=5.4.3&hash=5adc0c"
  bin:
    tsc: bin/tsc
    tsserver: bin/tsserver
  checksum: 10/5aedd97595582b08aadb8a70e8e3ddebaf5a9c1e5ad4d6503c2fcfc15329b5cf8d01145b09913e9555683ac16c5123a96be32b6d72614098ebd42df520eed9b1
  languageName: node
  linkType: hard

"undici-types@npm:~5.26.4":
  version: 5.26.5
  resolution: "undici-types@npm:5.26.5"
  checksum: 10/0097779d94bc0fd26f0418b3a05472410408877279141ded2bd449167be1aed7ea5b76f756562cb3586a07f251b90799bab22d9019ceba49c037c76445f7cddd
  languageName: node
  linkType: hard

"unfetch@npm:^5.0.0":
  version: 5.0.0
  resolution: "unfetch@npm:5.0.0"
  checksum: 10/8a59f9d910f179ef588aa30885849de7b4c895a85b3679ab4da7305be3751b85a4811d9164d87960fef1a388b9a7afdc23ab2154f517db040b27171578fa9e8b
  languageName: node
  linkType: hard

"vary@npm:^1":
  version: 1.1.2
  resolution: "vary@npm:1.1.2"
  checksum: 10/31389debef15a480849b8331b220782230b9815a8e0dbb7b9a8369559aed2e9a7800cd904d4371ea74f4c3527db456dc8e7ac5befce5f0d289014dbdf47b2242
  languageName: node
  linkType: hard

"warning@npm:^4.0.2":
  version: 4.0.3
  resolution: "warning@npm:4.0.3"
  dependencies:
    loose-envify: "npm:^1.0.0"
  checksum: 10/e7842aff036e2e07ce7a6cc3225e707775b969fe3d0577ad64bd24660e3a9ce3017f0b8c22a136566dcd3a151f37b8ed1ccee103b3bd82bd8a571bf80b247bc4
  languageName: node
  linkType: hard

"watchpack@npm:2.4.0":
  version: 2.4.0
  resolution: "watchpack@npm:2.4.0"
  dependencies:
    glob-to-regexp: "npm:^0.4.1"
    graceful-fs: "npm:^4.1.2"
  checksum: 10/4280b45bc4b5d45d5579113f2a4af93b67ae1b9607cc3d86ae41cdd53ead10db5d9dc3237f24256d05ef88b28c69a02712f78e434cb7ecc8edaca134a56e8cab
  languageName: node
  linkType: hard

"web-streams-polyfill@npm:^3.0.3":
  version: 3.3.3
  resolution: "web-streams-polyfill@npm:3.3.3"
  checksum: 10/8e7e13501b3834094a50abe7c0b6456155a55d7571312b89570012ef47ec2a46d766934768c50aabad10a9c30dd764a407623e8bfcc74fcb58495c29130edea9
  languageName: node
  linkType: hard

"which@npm:^2.0.1":
  version: 2.0.2
  resolution: "which@npm:2.0.2"
  dependencies:
    isexe: "npm:^2.0.0"
  bin:
    node-which: ./bin/node-which
  checksum: 10/4782f8a1d6b8fc12c65e968fea49f59752bf6302dc43036c3bf87da718a80710f61a062516e9764c70008b487929a73546125570acea95c5b5dcc8ac3052c70f
  languageName: node
  linkType: hard

"wrappy@npm:1":
  version: 1.0.2
  resolution: "wrappy@npm:1.0.2"
  checksum: 10/159da4805f7e84a3d003d8841557196034155008f817172d4e986bd591f74aa82aa7db55929a54222309e01079a65a92a9e6414da5a6aa4b01ee44a511ac3ee5
  languageName: node
  linkType: hard

"zod@npm:3.21.4":
  version: 3.21.4
  resolution: "zod@npm:3.21.4"
  checksum: 10/03c79fa4610a35e24119771970be764c6e177a271a225587f86a7fc35d55e94a154d8e1970d23ffe35b567c147262bedbcb53b31aa30eeef2493fbd13e1b4aca
  languageName: node
  linkType: hard
