# This file is generated by running "yarn install" inside your project.
# Manual changes might be lost - proceed with caution!

__metadata:
  version: 8
  cacheKey: 10c0

"@babel/runtime@npm:^7.10.4, @babel/runtime@npm:^7.10.5":
  version: 7.25.7
  resolution: "@babel/runtime@npm:7.25.7"
  dependencies:
    regenerator-runtime: "npm:^0.14.0"
  checksum: 10c0/86b7829d2fc9343714a9afe92757cf96c4dc799006ca61d73cda62f4b9e29bfa1ce36794955bc6cb4c188f5b10db832c949339895e1bbe81a69022d9d578ce29
  languageName: node
  linkType: hard

"@fluentui/react-component-event-listener@npm:~0.63.0":
  version: 0.63.1
  resolution: "@fluentui/react-component-event-listener@npm:0.63.1"
  dependencies:
    "@babel/runtime": "npm:^7.10.4"
  peerDependencies:
    react: ^16.8.0 || ^17 || ^18
    react-dom: ^16.8.0 || ^17 || ^18
  checksum: 10c0/4305e02a24a3960b2e345aabe36964fe4e6ac5f403d81882545632c4bfc035d0b52804f1365bc027062e0bf0fa7d5c74088d75d7a3da33d3acc9f792faa699d2
  languageName: node
  linkType: hard

"@fluentui/react-component-ref@npm:~0.63.0":
  version: 0.63.1
  resolution: "@fluentui/react-component-ref@npm:0.63.1"
  dependencies:
    "@babel/runtime": "npm:^7.10.4"
    react-is: "npm:^16.6.3"
  peerDependencies:
    react: ^16.8.0 || ^17 || ^18
    react-dom: ^16.8.0 || ^17 || ^18
  checksum: 10c0/da9c46539bf1eb4b24056975614338c0472eb9fb4839ded752c78614e2c57b402e4d6422e04b8c2e753a1d0f12a341ab0510cdbf5e86a21be5b63b8680ad59ed
  languageName: node
  linkType: hard

"@next/env@npm:14.2.13":
  version: 14.2.13
  resolution: "@next/env@npm:14.2.13"
  checksum: 10c0/d7e4a5ad5ee9e2d7a819a208e3c187fae7e69446360bb25354ce9c4a82696adbc6545a11ee67e940b99e1c0a614a27cb308b882ae23b6c633f36e313a458423a
  languageName: node
  linkType: hard

"@next/swc-darwin-arm64@npm:14.2.13":
  version: 14.2.13
  resolution: "@next/swc-darwin-arm64@npm:14.2.13"
  conditions: os=darwin & cpu=arm64
  languageName: node
  linkType: hard

"@next/swc-darwin-x64@npm:14.2.13":
  version: 14.2.13
  resolution: "@next/swc-darwin-x64@npm:14.2.13"
  conditions: os=darwin & cpu=x64
  languageName: node
  linkType: hard

"@next/swc-linux-arm64-gnu@npm:14.2.13":
  version: 14.2.13
  resolution: "@next/swc-linux-arm64-gnu@npm:14.2.13"
  conditions: os=linux & cpu=arm64 & libc=glibc
  languageName: node
  linkType: hard

"@next/swc-linux-arm64-musl@npm:14.2.13":
  version: 14.2.13
  resolution: "@next/swc-linux-arm64-musl@npm:14.2.13"
  conditions: os=linux & cpu=arm64 & libc=musl
  languageName: node
  linkType: hard

"@next/swc-linux-x64-gnu@npm:14.2.13":
  version: 14.2.13
  resolution: "@next/swc-linux-x64-gnu@npm:14.2.13"
  conditions: os=linux & cpu=x64 & libc=glibc
  languageName: node
  linkType: hard

"@next/swc-linux-x64-musl@npm:14.2.13":
  version: 14.2.13
  resolution: "@next/swc-linux-x64-musl@npm:14.2.13"
  conditions: os=linux & cpu=x64 & libc=musl
  languageName: node
  linkType: hard

"@next/swc-win32-arm64-msvc@npm:14.2.13":
  version: 14.2.13
  resolution: "@next/swc-win32-arm64-msvc@npm:14.2.13"
  conditions: os=win32 & cpu=arm64
  languageName: node
  linkType: hard

"@next/swc-win32-ia32-msvc@npm:14.2.13":
  version: 14.2.13
  resolution: "@next/swc-win32-ia32-msvc@npm:14.2.13"
  conditions: os=win32 & cpu=ia32
  languageName: node
  linkType: hard

"@next/swc-win32-x64-msvc@npm:14.2.13":
  version: 14.2.13
  resolution: "@next/swc-win32-x64-msvc@npm:14.2.13"
  conditions: os=win32 & cpu=x64
  languageName: node
  linkType: hard

"@popperjs/core@npm:^2.6.0":
  version: 2.11.8
  resolution: "@popperjs/core@npm:2.11.8"
  checksum: 10c0/4681e682abc006d25eb380d0cf3efc7557043f53b6aea7a5057d0d1e7df849a00e281cd8ea79c902a35a414d7919621fc2ba293ecec05f413598e0b23d5a1e63
  languageName: node
  linkType: hard

"@semantic-ui-react/event-stack@npm:^3.1.3":
  version: 3.1.3
  resolution: "@semantic-ui-react/event-stack@npm:3.1.3"
  dependencies:
    exenv: "npm:^1.2.2"
    prop-types: "npm:^15.6.2"
  peerDependencies:
    react: ^16.0.0 || ^17.0.0 || ^18.0.0
    react-dom: ^16.0.0 || ^17.0.0 || ^18.0.0
  checksum: 10c0/9f96516c16c8e4d985e9d9ed02c92bc2857563c434ee8b2703b7dbd2fefe9f4e84d5b9e108e5d172ed6002db2978c46c6c6eeee6100552b743be4f3a51ed78e8
  languageName: node
  linkType: hard

"@swc/counter@npm:^0.1.3":
  version: 0.1.3
  resolution: "@swc/counter@npm:0.1.3"
  checksum: 10c0/8424f60f6bf8694cfd2a9bca45845bce29f26105cda8cf19cdb9fd3e78dc6338699e4db77a89ae449260bafa1cc6bec307e81e7fb96dbf7dcfce0eea55151356
  languageName: node
  linkType: hard

"@swc/helpers@npm:0.5.5":
  version: 0.5.5
  resolution: "@swc/helpers@npm:0.5.5"
  dependencies:
    "@swc/counter": "npm:^0.1.3"
    tslib: "npm:^2.4.0"
  checksum: 10c0/21a9b9cfe7e00865f9c9f3eb4c1cc5b397143464f7abee76a2c5366e591e06b0155b5aac93fe8269ef8d548df253f6fd931e9ddfc0fd12efd405f90f45506e7d
  languageName: node
  linkType: hard

"@types/cors@npm:2.8.17":
  version: 2.8.17
  resolution: "@types/cors@npm:2.8.17"
  dependencies:
    "@types/node": "npm:*"
  checksum: 10c0/457364c28c89f3d9ed34800e1de5c6eaaf344d1bb39af122f013322a50bc606eb2aa6f63de4e41a7a08ba7ef454473926c94a830636723da45bf786df032696d
  languageName: node
  linkType: hard

"@types/node@npm:*":
  version: 22.7.4
  resolution: "@types/node@npm:22.7.4"
  dependencies:
    undici-types: "npm:~6.19.2"
  checksum: 10c0/c22bf54515c78ff3170142c1e718b90e2a0003419dc2d55f79c9c9362edd590a6ab1450deb09ff6e1b32d1b4698da407930b16285e8be3a009ea6cd2695cac01
  languageName: node
  linkType: hard

"@types/node@npm:20.16.10":
  version: 20.16.10
  resolution: "@types/node@npm:20.16.10"
  dependencies:
    undici-types: "npm:~6.19.2"
  checksum: 10c0/c0c0c7ecb083ec638c2118e54b5242bb4c39a75608cbac9475cf15aaceb64b8bc997a87a0798e700a81d61651c8a7750ae0455be0f0996ada6e8b2bb818d90c5
  languageName: node
  linkType: hard

"@types/prop-types@npm:*":
  version: 15.7.13
  resolution: "@types/prop-types@npm:15.7.13"
  checksum: 10c0/1b20fc67281902c6743379960247bc161f3f0406ffc0df8e7058745a85ea1538612109db0406290512947f9632fe9e10e7337bf0ce6338a91d6c948df16a7c61
  languageName: node
  linkType: hard

"@types/react@npm:18.3.10":
  version: 18.3.10
  resolution: "@types/react@npm:18.3.10"
  dependencies:
    "@types/prop-types": "npm:*"
    csstype: "npm:^3.0.2"
  checksum: 10c0/f5be1de1b0331c1fdb33d577f4cf7f1b949d4bded5347b2351a537f03c51dade5be115e21b161dcf1b37061954d320f6a0bdf8d7b70e24eda51071fdd614383d
  languageName: node
  linkType: hard

"busboy@npm:1.6.0":
  version: 1.6.0
  resolution: "busboy@npm:1.6.0"
  dependencies:
    streamsearch: "npm:^1.1.0"
  checksum: 10c0/fa7e836a2b82699b6e074393428b91ae579d4f9e21f5ac468e1b459a244341d722d2d22d10920cdd849743dbece6dca11d72de939fb75a7448825cf2babfba1f
  languageName: node
  linkType: hard

"caniuse-lite@npm:^1.0.30001579":
  version: 1.0.30001667
  resolution: "caniuse-lite@npm:1.0.30001667"
  checksum: 10c0/6bc8555a47603e1e76eaef9b185d6fdeeca7d9c20a283f7c32c971eb1b52ea3a80e6ec086920f088f06abe619240f1023a2d3a08b5b1f2f11df1475695e9f71c
  languageName: node
  linkType: hard

"client-only@npm:0.0.1":
  version: 0.0.1
  resolution: "client-only@npm:0.0.1"
  checksum: 10c0/9d6cfd0c19e1c96a434605added99dff48482152af791ec4172fb912a71cff9027ff174efd8cdb2160cc7f377543e0537ffc462d4f279bc4701de3f2a3c4b358
  languageName: node
  linkType: hard

"clsx@npm:^1.1.1":
  version: 1.2.1
  resolution: "clsx@npm:1.2.1"
  checksum: 10c0/34dead8bee24f5e96f6e7937d711978380647e936a22e76380290e35486afd8634966ce300fc4b74a32f3762c7d4c0303f442c3e259f4ce02374eb0c82834f27
  languageName: node
  linkType: hard

"cors@npm:2.8.5":
  version: 2.8.5
  resolution: "cors@npm:2.8.5"
  dependencies:
    object-assign: "npm:^4"
    vary: "npm:^1"
  checksum: 10c0/373702b7999409922da80de4a61938aabba6929aea5b6fd9096fefb9e8342f626c0ebd7507b0e8b0b311380744cc985f27edebc0a26e0ddb784b54e1085de761
  languageName: node
  linkType: hard

"cross-spawn@npm:^7.0.3":
  version: 7.0.3
  resolution: "cross-spawn@npm:7.0.3"
  dependencies:
    path-key: "npm:^3.1.0"
    shebang-command: "npm:^2.0.0"
    which: "npm:^2.0.1"
  checksum: 10c0/5738c312387081c98d69c98e105b6327b069197f864a60593245d64c8089c8a0a744e16349281210d56835bb9274130d825a78b2ad6853ca13cfbeffc0c31750
  languageName: node
  linkType: hard

"csstype@npm:^3.0.2":
  version: 3.1.3
  resolution: "csstype@npm:3.1.3"
  checksum: 10c0/80c089d6f7e0c5b2bd83cf0539ab41474198579584fa10d86d0cafe0642202343cbc119e076a0b1aece191989477081415d66c9fefbf3c957fc2fc4b7009f248
  languageName: node
  linkType: hard

"data-uri-to-buffer@npm:^4.0.0":
  version: 4.0.1
  resolution: "data-uri-to-buffer@npm:4.0.1"
  checksum: 10c0/20a6b93107597530d71d4cb285acee17f66bcdfc03fd81040921a81252f19db27588d87fc8fc69e1950c55cfb0bf8ae40d0e5e21d907230813eb5d5a7f9eb45b
  languageName: node
  linkType: hard

"execa@npm:^5.1.1":
  version: 5.1.1
  resolution: "execa@npm:5.1.1"
  dependencies:
    cross-spawn: "npm:^7.0.3"
    get-stream: "npm:^6.0.0"
    human-signals: "npm:^2.1.0"
    is-stream: "npm:^2.0.0"
    merge-stream: "npm:^2.0.0"
    npm-run-path: "npm:^4.0.1"
    onetime: "npm:^5.1.2"
    signal-exit: "npm:^3.0.3"
    strip-final-newline: "npm:^2.0.0"
  checksum: 10c0/c8e615235e8de4c5addf2fa4c3da3e3aa59ce975a3e83533b4f6a71750fb816a2e79610dc5f1799b6e28976c9ae86747a36a606655bf8cb414a74d8d507b304f
  languageName: node
  linkType: hard

"exenv@npm:^1.2.2":
  version: 1.2.2
  resolution: "exenv@npm:1.2.2"
  checksum: 10c0/4e96b355a6b9b9547237288ca779dd673b2e698458b409e88b50df09feb7c85ef94c07354b6b87bc3ed0193a94009a6f7a3c71956da12f45911c0d0f5aa3caa0
  languageName: node
  linkType: hard

"fetch-blob@npm:^3.1.2, fetch-blob@npm:^3.1.4":
  version: 3.2.0
  resolution: "fetch-blob@npm:3.2.0"
  dependencies:
    node-domexception: "npm:^1.0.0"
    web-streams-polyfill: "npm:^3.0.3"
  checksum: 10c0/60054bf47bfa10fb0ba6cb7742acec2f37c1f56344f79a70bb8b1c48d77675927c720ff3191fa546410a0442c998d27ab05e9144c32d530d8a52fbe68f843b69
  languageName: node
  linkType: hard

"find-up@npm:^5.0.0":
  version: 5.0.0
  resolution: "find-up@npm:5.0.0"
  dependencies:
    locate-path: "npm:^6.0.0"
    path-exists: "npm:^4.0.0"
  checksum: 10c0/062c5a83a9c02f53cdd6d175a37ecf8f87ea5bbff1fdfb828f04bfa021441bc7583e8ebc0872a4c1baab96221fb8a8a275a19809fb93fbc40bd69ec35634069a
  languageName: node
  linkType: hard

"formdata-polyfill@npm:^4.0.10":
  version: 4.0.10
  resolution: "formdata-polyfill@npm:4.0.10"
  dependencies:
    fetch-blob: "npm:^3.1.2"
  checksum: 10c0/5392ec484f9ce0d5e0d52fb5a78e7486637d516179b0eb84d81389d7eccf9ca2f663079da56f761355c0a65792810e3b345dc24db9a8bbbcf24ef3c8c88570c6
  languageName: node
  linkType: hard

"get-stream@npm:^6.0.0":
  version: 6.0.1
  resolution: "get-stream@npm:6.0.1"
  checksum: 10c0/49825d57d3fd6964228e6200a58169464b8e8970489b3acdc24906c782fb7f01f9f56f8e6653c4a50713771d6658f7cfe051e5eb8c12e334138c9c918b296341
  languageName: node
  linkType: hard

"graceful-fs@npm:^4.2.11":
  version: 4.2.11
  resolution: "graceful-fs@npm:4.2.11"
  checksum: 10c0/386d011a553e02bc594ac2ca0bd6d9e4c22d7fa8cfbfc448a6d148c59ea881b092db9dbe3547ae4b88e55f1b01f7c4a2ecc53b310c042793e63aa44cf6c257f2
  languageName: node
  linkType: hard

"human-signals@npm:^2.1.0":
  version: 2.1.0
  resolution: "human-signals@npm:2.1.0"
  checksum: 10c0/695edb3edfcfe9c8b52a76926cd31b36978782062c0ed9b1192b36bebc75c4c87c82e178dfcb0ed0fc27ca59d434198aac0bd0be18f5781ded775604db22304a
  languageName: node
  linkType: hard

"ignore@npm:^5.3.0":
  version: 5.3.2
  resolution: "ignore@npm:5.3.2"
  checksum: 10c0/f9f652c957983634ded1e7f02da3b559a0d4cc210fca3792cb67f1b153623c9c42efdc1c4121af171e295444459fc4a9201101fb041b1104a3c000bccb188337
  languageName: node
  linkType: hard

"is-stream@npm:^2.0.0":
  version: 2.0.1
  resolution: "is-stream@npm:2.0.1"
  checksum: 10c0/7c284241313fc6efc329b8d7f08e16c0efeb6baab1b4cd0ba579eb78e5af1aa5da11e68559896a2067cd6c526bd29241dda4eb1225e627d5aa1a89a76d4635a5
  languageName: node
  linkType: hard

"isexe@npm:^2.0.0":
  version: 2.0.0
  resolution: "isexe@npm:2.0.0"
  checksum: 10c0/228cfa503fadc2c31596ab06ed6aa82c9976eec2bfd83397e7eaf06d0ccf42cd1dfd6743bf9aeb01aebd4156d009994c5f76ea898d2832c1fe342da923ca457d
  languageName: node
  linkType: hard

"isomorphic-unfetch@npm:4.0.2":
  version: 4.0.2
  resolution: "isomorphic-unfetch@npm:4.0.2"
  dependencies:
    node-fetch: "npm:^3.2.0"
    unfetch: "npm:^5.0.0"
  checksum: 10c0/1727d85344818eaf798b569904f70313e8eafbc192d84400a3e646bb0b893a2e405727ee45ccac0fc3d41ee48561eaa5cdd55813131613d7f8a55031ed49103d
  languageName: node
  linkType: hard

"jquery@npm:x.*":
  version: 3.7.1
  resolution: "jquery@npm:3.7.1"
  checksum: 10c0/808cfbfb758438560224bf26e17fcd5afc7419170230c810dd11f5c1792e2263e2970cca8d659eb84fcd9acc301edb6d310096e450277d54be4f57071b0c82d9
  languageName: node
  linkType: hard

"js-tokens@npm:^3.0.0 || ^4.0.0":
  version: 4.0.0
  resolution: "js-tokens@npm:4.0.0"
  checksum: 10c0/e248708d377aa058eacf2037b07ded847790e6de892bbad3dac0abba2e759cb9f121b00099a65195616badcb6eca8d14d975cb3e89eb1cfda644756402c8aeed
  languageName: node
  linkType: hard

"keyboard-key@npm:^1.1.0":
  version: 1.1.0
  resolution: "keyboard-key@npm:1.1.0"
  checksum: 10c0/57f53960472200a521b0845b48c3d56b76078aa161532bc24e2c9382ab154ce35ec0bbf26bb557b8582ae42e173da2f3b8d4125d8754e6e963887b8bdb6e97a1
  languageName: node
  linkType: hard

"locate-path@npm:^6.0.0":
  version: 6.0.0
  resolution: "locate-path@npm:6.0.0"
  dependencies:
    p-locate: "npm:^5.0.0"
  checksum: 10c0/d3972ab70dfe58ce620e64265f90162d247e87159b6126b01314dd67be43d50e96a50b517bce2d9452a79409c7614054c277b5232377de50416564a77ac7aad3
  languageName: node
  linkType: hard

"lodash-es@npm:^4.17.21":
  version: 4.17.21
  resolution: "lodash-es@npm:4.17.21"
  checksum: 10c0/fb407355f7e6cd523a9383e76e6b455321f0f153a6c9625e21a8827d10c54c2a2341bd2ae8d034358b60e07325e1330c14c224ff582d04612a46a4f0479ff2f2
  languageName: node
  linkType: hard

"lodash@npm:^4.17.21":
  version: 4.17.21
  resolution: "lodash@npm:4.17.21"
  checksum: 10c0/d8cbea072bb08655bb4c989da418994b073a608dffa608b09ac04b43a791b12aeae7cd7ad919aa4c925f33b48490b5cfe6c1f71d827956071dae2e7bb3a6b74c
  languageName: node
  linkType: hard

"loose-envify@npm:^1.0.0, loose-envify@npm:^1.1.0, loose-envify@npm:^1.4.0":
  version: 1.4.0
  resolution: "loose-envify@npm:1.4.0"
  dependencies:
    js-tokens: "npm:^3.0.0 || ^4.0.0"
  bin:
    loose-envify: cli.js
  checksum: 10c0/655d110220983c1a4b9c0c679a2e8016d4b67f6e9c7b5435ff5979ecdb20d0813f4dec0a08674fcbdd4846a3f07edbb50a36811fd37930b94aaa0d9daceb017e
  languageName: node
  linkType: hard

"merge-stream@npm:^2.0.0":
  version: 2.0.0
  resolution: "merge-stream@npm:2.0.0"
  checksum: 10c0/867fdbb30a6d58b011449b8885601ec1690c3e41c759ecd5a9d609094f7aed0096c37823ff4a7190ef0b8f22cc86beb7049196ff68c016e3b3c671d0dac91ce5
  languageName: node
  linkType: hard

"mimic-fn@npm:^2.1.0":
  version: 2.1.0
  resolution: "mimic-fn@npm:2.1.0"
  checksum: 10c0/b26f5479d7ec6cc2bce275a08f146cf78f5e7b661b18114e2506dd91ec7ec47e7a25bf4360e5438094db0560bcc868079fb3b1fb3892b833c1ecbf63f80c95a4
  languageName: node
  linkType: hard

"mri@npm:^1.2.0":
  version: 1.2.0
  resolution: "mri@npm:1.2.0"
  checksum: 10c0/a3d32379c2554cf7351db6237ddc18dc9e54e4214953f3da105b97dc3babe0deb3ffe99cf409b38ea47cc29f9430561ba6b53b24ab8f9ce97a4b50409e4a50e7
  languageName: node
  linkType: hard

"nanoid@npm:^3.3.6":
  version: 3.3.7
  resolution: "nanoid@npm:3.3.7"
  bin:
    nanoid: bin/nanoid.cjs
  checksum: 10c0/e3fb661aa083454f40500473bb69eedb85dc160e763150b9a2c567c7e9ff560ce028a9f833123b618a6ea742e311138b591910e795614a629029e86e180660f3
  languageName: node
  linkType: hard

"next@npm:14.2.13":
  version: 14.2.13
  resolution: "next@npm:14.2.13"
  dependencies:
    "@next/env": "npm:14.2.13"
    "@next/swc-darwin-arm64": "npm:14.2.13"
    "@next/swc-darwin-x64": "npm:14.2.13"
    "@next/swc-linux-arm64-gnu": "npm:14.2.13"
    "@next/swc-linux-arm64-musl": "npm:14.2.13"
    "@next/swc-linux-x64-gnu": "npm:14.2.13"
    "@next/swc-linux-x64-musl": "npm:14.2.13"
    "@next/swc-win32-arm64-msvc": "npm:14.2.13"
    "@next/swc-win32-ia32-msvc": "npm:14.2.13"
    "@next/swc-win32-x64-msvc": "npm:14.2.13"
    "@swc/helpers": "npm:0.5.5"
    busboy: "npm:1.6.0"
    caniuse-lite: "npm:^1.0.30001579"
    graceful-fs: "npm:^4.2.11"
    postcss: "npm:8.4.31"
    styled-jsx: "npm:5.1.1"
  peerDependencies:
    "@opentelemetry/api": ^1.1.0
    "@playwright/test": ^1.41.2
    react: ^18.2.0
    react-dom: ^18.2.0
    sass: ^1.3.0
  dependenciesMeta:
    "@next/swc-darwin-arm64":
      optional: true
    "@next/swc-darwin-x64":
      optional: true
    "@next/swc-linux-arm64-gnu":
      optional: true
    "@next/swc-linux-arm64-musl":
      optional: true
    "@next/swc-linux-x64-gnu":
      optional: true
    "@next/swc-linux-x64-musl":
      optional: true
    "@next/swc-win32-arm64-msvc":
      optional: true
    "@next/swc-win32-ia32-msvc":
      optional: true
    "@next/swc-win32-x64-msvc":
      optional: true
  peerDependenciesMeta:
    "@opentelemetry/api":
      optional: true
    "@playwright/test":
      optional: true
    sass:
      optional: true
  bin:
    next: dist/bin/next
  checksum: 10c0/ef3aa074e9c7e0de95a9815cbbe9eee98bd190ed2ede982a2c0e00a8b438ac76193a3a6d2acabbadfd66f1f463ca97e84390a352ab0822f865c5524b356fdb31
  languageName: node
  linkType: hard

"node-domexception@npm:^1.0.0":
  version: 1.0.0
  resolution: "node-domexception@npm:1.0.0"
  checksum: 10c0/5e5d63cda29856402df9472335af4bb13875e1927ad3be861dc5ebde38917aecbf9ae337923777af52a48c426b70148815e890a5d72760f1b4d758cc671b1a2b
  languageName: node
  linkType: hard

"node-fetch@npm:^3.2.0":
  version: 3.3.2
  resolution: "node-fetch@npm:3.3.2"
  dependencies:
    data-uri-to-buffer: "npm:^4.0.0"
    fetch-blob: "npm:^3.1.4"
    formdata-polyfill: "npm:^4.0.10"
  checksum: 10c0/f3d5e56190562221398c9f5750198b34cf6113aa304e34ee97c94fd300ec578b25b2c2906edba922050fce983338fde0d5d34fcb0fc3336ade5bd0e429ad7538
  languageName: node
  linkType: hard

"npm-run-path@npm:^4.0.1":
  version: 4.0.1
  resolution: "npm-run-path@npm:4.0.1"
  dependencies:
    path-key: "npm:^3.0.0"
  checksum: 10c0/6f9353a95288f8455cf64cbeb707b28826a7f29690244c1e4bb61ec573256e021b6ad6651b394eb1ccfd00d6ec50147253aba2c5fe58a57ceb111fad62c519ac
  languageName: node
  linkType: hard

"object-assign@npm:^4, object-assign@npm:^4.1.1":
  version: 4.1.1
  resolution: "object-assign@npm:4.1.1"
  checksum: 10c0/1f4df9945120325d041ccf7b86f31e8bcc14e73d29171e37a7903050e96b81323784ec59f93f102ec635bcf6fa8034ba3ea0a8c7e69fa202b87ae3b6cec5a414
  languageName: node
  linkType: hard

"onetime@npm:^5.1.2":
  version: 5.1.2
  resolution: "onetime@npm:5.1.2"
  dependencies:
    mimic-fn: "npm:^2.1.0"
  checksum: 10c0/ffcef6fbb2692c3c40749f31ea2e22677a876daea92959b8a80b521d95cca7a668c884d8b2045d1d8ee7d56796aa405c405462af112a1477594cc63531baeb8f
  languageName: node
  linkType: hard

"p-limit@npm:^3.0.2":
  version: 3.1.0
  resolution: "p-limit@npm:3.1.0"
  dependencies:
    yocto-queue: "npm:^0.1.0"
  checksum: 10c0/9db675949dbdc9c3763c89e748d0ef8bdad0afbb24d49ceaf4c46c02c77d30db4e0652ed36d0a0a7a95154335fab810d95c86153105bb73b3a90448e2bb14e1a
  languageName: node
  linkType: hard

"p-locate@npm:^5.0.0":
  version: 5.0.0
  resolution: "p-locate@npm:5.0.0"
  dependencies:
    p-limit: "npm:^3.0.2"
  checksum: 10c0/2290d627ab7903b8b70d11d384fee714b797f6040d9278932754a6860845c4d3190603a0772a663c8cb5a7b21d1b16acb3a6487ebcafa9773094edc3dfe6009a
  languageName: node
  linkType: hard

"path-exists@npm:^4.0.0":
  version: 4.0.0
  resolution: "path-exists@npm:4.0.0"
  checksum: 10c0/8c0bd3f5238188197dc78dced15207a4716c51cc4e3624c44fc97acf69558f5ebb9a2afff486fe1b4ee148e0c133e96c5e11a9aa5c48a3006e3467da070e5e1b
  languageName: node
  linkType: hard

"path-key@npm:^3.0.0, path-key@npm:^3.1.0":
  version: 3.1.1
  resolution: "path-key@npm:3.1.1"
  checksum: 10c0/748c43efd5a569c039d7a00a03b58eecd1d75f3999f5a28303d75f521288df4823bc057d8784eb72358b2895a05f29a070bc9f1f17d28226cc4e62494cc58c4c
  languageName: node
  linkType: hard

"picocolors@npm:^1.0.0":
  version: 1.1.0
  resolution: "picocolors@npm:1.1.0"
  checksum: 10c0/86946f6032148801ef09c051c6fb13b5cf942eaf147e30ea79edb91dd32d700934edebe782a1078ff859fb2b816792e97ef4dab03d7f0b804f6b01a0df35e023
  languageName: node
  linkType: hard

"picomatch@npm:^3.0.1":
  version: 3.0.1
  resolution: "picomatch@npm:3.0.1"
  checksum: 10c0/70ec738569f1864658378b7abdab8939d15dae0718c1df994eae3346fd33daf6a3c1ff4e0c1a0cd1e2c0319130985b63a2cff34d192f2f2acbb78aca76111736
  languageName: node
  linkType: hard

"platzi-nextjs@workspace:.":
  version: 0.0.0-use.local
  resolution: "platzi-nextjs@workspace:."
  dependencies:
    "@types/cors": "npm:2.8.17"
    "@types/node": "npm:20.16.10"
    "@types/react": "npm:18.3.10"
    cors: "npm:2.8.5"
    isomorphic-unfetch: "npm:4.0.2"
    next: "npm:14.2.13"
    prettier: "npm:3.3.3"
    pretty-quick: "npm:4.0.0"
    react: "npm:18.3.1"
    react-dom: "npm:18.3.1"
    semantic-ui-css: "npm:2.5.0"
    semantic-ui-react: "npm:2.1.5"
    styled-jsx: "npm:^5.1.2"
    typescript: "npm:5.6.2"
  languageName: unknown
  linkType: soft

"postcss@npm:8.4.31":
  version: 8.4.31
  resolution: "postcss@npm:8.4.31"
  dependencies:
    nanoid: "npm:^3.3.6"
    picocolors: "npm:^1.0.0"
    source-map-js: "npm:^1.0.2"
  checksum: 10c0/748b82e6e5fc34034dcf2ae88ea3d11fd09f69b6c50ecdd3b4a875cfc7cdca435c958b211e2cb52355422ab6fccb7d8f2f2923161d7a1b281029e4a913d59acf
  languageName: node
  linkType: hard

"prettier@npm:3.3.3":
  version: 3.3.3
  resolution: "prettier@npm:3.3.3"
  bin:
    prettier: bin/prettier.cjs
  checksum: 10c0/b85828b08e7505716324e4245549b9205c0cacb25342a030ba8885aba2039a115dbcf75a0b7ca3b37bc9d101ee61fab8113fc69ca3359f2a226f1ecc07ad2e26
  languageName: node
  linkType: hard

"pretty-quick@npm:4.0.0":
  version: 4.0.0
  resolution: "pretty-quick@npm:4.0.0"
  dependencies:
    execa: "npm:^5.1.1"
    find-up: "npm:^5.0.0"
    ignore: "npm:^5.3.0"
    mri: "npm:^1.2.0"
    picocolors: "npm:^1.0.0"
    picomatch: "npm:^3.0.1"
    tslib: "npm:^2.6.2"
  peerDependencies:
    prettier: ^3.0.0
  bin:
    pretty-quick: lib/cli.mjs
  checksum: 10c0/f92f5f6a4c7b8e5c87c405d09f883e49d538bbb117a8d8623102f25900fc2d4617314d30c5320c6278fa9ac2da15e74076e08319a797a5d0028b43d6c5da591b
  languageName: node
  linkType: hard

"prop-types@npm:^15.6.2, prop-types@npm:^15.7.2":
  version: 15.8.1
  resolution: "prop-types@npm:15.8.1"
  dependencies:
    loose-envify: "npm:^1.4.0"
    object-assign: "npm:^4.1.1"
    react-is: "npm:^16.13.1"
  checksum: 10c0/59ece7ca2fb9838031d73a48d4becb9a7cc1ed10e610517c7d8f19a1e02fa47f7c27d557d8a5702bec3cfeccddc853579832b43f449e54635803f277b1c78077
  languageName: node
  linkType: hard

"react-dom@npm:18.3.1":
  version: 18.3.1
  resolution: "react-dom@npm:18.3.1"
  dependencies:
    loose-envify: "npm:^1.1.0"
    scheduler: "npm:^0.23.2"
  peerDependencies:
    react: ^18.3.1
  checksum: 10c0/a752496c1941f958f2e8ac56239172296fcddce1365ce45222d04a1947e0cc5547df3e8447f855a81d6d39f008d7c32eab43db3712077f09e3f67c4874973e85
  languageName: node
  linkType: hard

"react-fast-compare@npm:^3.0.1":
  version: 3.2.2
  resolution: "react-fast-compare@npm:3.2.2"
  checksum: 10c0/0bbd2f3eb41ab2ff7380daaa55105db698d965c396df73e6874831dbafec8c4b5b08ba36ff09df01526caa3c61595247e3269558c284e37646241cba2b90a367
  languageName: node
  linkType: hard

"react-is@npm:^16.13.1, react-is@npm:^16.6.3":
  version: 16.13.1
  resolution: "react-is@npm:16.13.1"
  checksum: 10c0/33977da7a5f1a287936a0c85639fec6ca74f4f15ef1e59a6bc20338fc73dc69555381e211f7a3529b8150a1f71e4225525b41b60b52965bda53ce7d47377ada1
  languageName: node
  linkType: hard

"react-is@npm:^16.8.6 || ^17.0.0 || ^18.0.0":
  version: 18.3.1
  resolution: "react-is@npm:18.3.1"
  checksum: 10c0/f2f1e60010c683479e74c63f96b09fb41603527cd131a9959e2aee1e5a8b0caf270b365e5ca77d4a6b18aae659b60a86150bb3979073528877029b35aecd2072
  languageName: node
  linkType: hard

"react-popper@npm:^2.3.0":
  version: 2.3.0
  resolution: "react-popper@npm:2.3.0"
  dependencies:
    react-fast-compare: "npm:^3.0.1"
    warning: "npm:^4.0.2"
  peerDependencies:
    "@popperjs/core": ^2.0.0
    react: ^16.8.0 || ^17 || ^18
    react-dom: ^16.8.0 || ^17 || ^18
  checksum: 10c0/23f93540537ca4c035425bb8d5e51b11131fbc921d7ac1d041d0ae557feac8c877f3a012d36b94df8787803f52ed81e6df9257ac9e58719875f7805518d6db3f
  languageName: node
  linkType: hard

"react@npm:18.3.1":
  version: 18.3.1
  resolution: "react@npm:18.3.1"
  dependencies:
    loose-envify: "npm:^1.1.0"
  checksum: 10c0/283e8c5efcf37802c9d1ce767f302dd569dd97a70d9bb8c7be79a789b9902451e0d16334b05d73299b20f048cbc3c7d288bbbde10b701fa194e2089c237dbea3
  languageName: node
  linkType: hard

"regenerator-runtime@npm:^0.14.0":
  version: 0.14.1
  resolution: "regenerator-runtime@npm:0.14.1"
  checksum: 10c0/1b16eb2c4bceb1665c89de70dcb64126a22bc8eb958feef3cd68fe11ac6d2a4899b5cd1b80b0774c7c03591dc57d16631a7f69d2daa2ec98100e2f29f7ec4cc4
  languageName: node
  linkType: hard

"scheduler@npm:^0.23.2":
  version: 0.23.2
  resolution: "scheduler@npm:0.23.2"
  dependencies:
    loose-envify: "npm:^1.1.0"
  checksum: 10c0/26383305e249651d4c58e6705d5f8425f153211aef95f15161c151f7b8de885f24751b377e4a0b3dd42cce09aad3f87a61dab7636859c0d89b7daf1a1e2a5c78
  languageName: node
  linkType: hard

"semantic-ui-css@npm:2.5.0":
  version: 2.5.0
  resolution: "semantic-ui-css@npm:2.5.0"
  dependencies:
    jquery: "npm:x.*"
  checksum: 10c0/e127afb9de9b40495aa412bcb973b70ea64f8146234415a3a355ff6fbfa0e034f63b6db78458755e64db7f439eb7de76309bf23ff743f550604e69fe2014b79e
  languageName: node
  linkType: hard

"semantic-ui-react@npm:2.1.5":
  version: 2.1.5
  resolution: "semantic-ui-react@npm:2.1.5"
  dependencies:
    "@babel/runtime": "npm:^7.10.5"
    "@fluentui/react-component-event-listener": "npm:~0.63.0"
    "@fluentui/react-component-ref": "npm:~0.63.0"
    "@popperjs/core": "npm:^2.6.0"
    "@semantic-ui-react/event-stack": "npm:^3.1.3"
    clsx: "npm:^1.1.1"
    keyboard-key: "npm:^1.1.0"
    lodash: "npm:^4.17.21"
    lodash-es: "npm:^4.17.21"
    prop-types: "npm:^15.7.2"
    react-is: "npm:^16.8.6 || ^17.0.0 || ^18.0.0"
    react-popper: "npm:^2.3.0"
    shallowequal: "npm:^1.1.0"
  peerDependencies:
    react: ^16.8.0 || ^17.0.0 || ^18.0.0
    react-dom: ^16.8.0 || ^17.0.0 || ^18.0.0
  checksum: 10c0/356921c36ead8665d1940bceb590690bc9718a43d788f7d0946a3e21ae4d0f52b4bedfec381f4b0f15d343698ef45473329b9bf9e5bd1d91eb8319c458c88f4b
  languageName: node
  linkType: hard

"shallowequal@npm:^1.1.0":
  version: 1.1.0
  resolution: "shallowequal@npm:1.1.0"
  checksum: 10c0/b926efb51cd0f47aa9bc061add788a4a650550bbe50647962113a4579b60af2abe7b62f9b02314acc6f97151d4cf87033a2b15fc20852fae306d1a095215396c
  languageName: node
  linkType: hard

"shebang-command@npm:^2.0.0":
  version: 2.0.0
  resolution: "shebang-command@npm:2.0.0"
  dependencies:
    shebang-regex: "npm:^3.0.0"
  checksum: 10c0/a41692e7d89a553ef21d324a5cceb5f686d1f3c040759c50aab69688634688c5c327f26f3ecf7001ebfd78c01f3c7c0a11a7c8bfd0a8bc9f6240d4f40b224e4e
  languageName: node
  linkType: hard

"shebang-regex@npm:^3.0.0":
  version: 3.0.0
  resolution: "shebang-regex@npm:3.0.0"
  checksum: 10c0/1dbed0726dd0e1152a92696c76c7f06084eb32a90f0528d11acd764043aacf76994b2fb30aa1291a21bd019d6699164d048286309a278855ee7bec06cf6fb690
  languageName: node
  linkType: hard

"signal-exit@npm:^3.0.3":
  version: 3.0.7
  resolution: "signal-exit@npm:3.0.7"
  checksum: 10c0/25d272fa73e146048565e08f3309d5b942c1979a6f4a58a8c59d5fa299728e9c2fcd1a759ec870863b1fd38653670240cd420dad2ad9330c71f36608a6a1c912
  languageName: node
  linkType: hard

"source-map-js@npm:^1.0.2":
  version: 1.2.1
  resolution: "source-map-js@npm:1.2.1"
  checksum: 10c0/7bda1fc4c197e3c6ff17de1b8b2c20e60af81b63a52cb32ec5a5d67a20a7d42651e2cb34ebe93833c5a2a084377e17455854fee3e21e7925c64a51b6a52b0faf
  languageName: node
  linkType: hard

"streamsearch@npm:^1.1.0":
  version: 1.1.0
  resolution: "streamsearch@npm:1.1.0"
  checksum: 10c0/fbd9aecc2621364384d157f7e59426f4bfd385e8b424b5aaa79c83a6f5a1c8fd2e4e3289e95de1eb3511cb96bb333d6281a9919fafce760e4edb35b2cd2facab
  languageName: node
  linkType: hard

"strip-final-newline@npm:^2.0.0":
  version: 2.0.0
  resolution: "strip-final-newline@npm:2.0.0"
  checksum: 10c0/bddf8ccd47acd85c0e09ad7375409d81653f645fda13227a9d459642277c253d877b68f2e5e4d819fe75733b0e626bac7e954c04f3236f6d196f79c94fa4a96f
  languageName: node
  linkType: hard

"styled-jsx@npm:5.1.1":
  version: 5.1.1
  resolution: "styled-jsx@npm:5.1.1"
  dependencies:
    client-only: "npm:0.0.1"
  peerDependencies:
    react: ">= 16.8.0 || 17.x.x || ^18.0.0-0"
  peerDependenciesMeta:
    "@babel/core":
      optional: true
    babel-plugin-macros:
      optional: true
  checksum: 10c0/42655cdadfa5388f8a48bb282d6b450df7d7b8cf066ac37038bd0499d3c9f084815ebd9ff9dfa12a218fd4441338851db79603498d7557207009c1cf4d609835
  languageName: node
  linkType: hard

"styled-jsx@npm:^5.1.2":
  version: 5.1.6
  resolution: "styled-jsx@npm:5.1.6"
  dependencies:
    client-only: "npm:0.0.1"
  peerDependencies:
    react: ">= 16.8.0 || 17.x.x || ^18.0.0-0 || ^19.0.0-0"
  peerDependenciesMeta:
    "@babel/core":
      optional: true
    babel-plugin-macros:
      optional: true
  checksum: 10c0/ace50e7ea5ae5ae6a3b65a50994c51fca6ae7df9c7ecfd0104c36be0b4b3a9c5c1a2374d16e2a11e256d0b20be6d47256d768ecb4f91ab390f60752a075780f5
  languageName: node
  linkType: hard

"tslib@npm:^2.4.0, tslib@npm:^2.6.2":
  version: 2.7.0
  resolution: "tslib@npm:2.7.0"
  checksum: 10c0/469e1d5bf1af585742128827000711efa61010b699cb040ab1800bcd3ccdd37f63ec30642c9e07c4439c1db6e46345582614275daca3e0f4abae29b0083f04a6
  languageName: node
  linkType: hard

"typescript@npm:5.6.2":
  version: 5.6.2
  resolution: "typescript@npm:5.6.2"
  bin:
    tsc: bin/tsc
    tsserver: bin/tsserver
  checksum: 10c0/3ed8297a8c7c56b7fec282532503d1ac795239d06e7c4966b42d4330c6cf433a170b53bcf93a130a7f14ccc5235de5560df4f1045eb7f3550b46ebed16d3c5e5
  languageName: node
  linkType: hard

"typescript@patch:typescript@npm%3A5.6.2#optional!builtin<compat/typescript>":
  version: 5.6.2
  resolution: "typescript@patch:typescript@npm%3A5.6.2#optional!builtin<compat/typescript>::version=5.6.2&hash=8c6c40"
  bin:
    tsc: bin/tsc
    tsserver: bin/tsserver
  checksum: 10c0/94eb47e130d3edd964b76da85975601dcb3604b0c848a36f63ac448d0104e93819d94c8bdf6b07c00120f2ce9c05256b8b6092d23cf5cf1c6fa911159e4d572f
  languageName: node
  linkType: hard

"undici-types@npm:~6.19.2":
  version: 6.19.8
  resolution: "undici-types@npm:6.19.8"
  checksum: 10c0/078afa5990fba110f6824823ace86073b4638f1d5112ee26e790155f481f2a868cc3e0615505b6f4282bdf74a3d8caad715fd809e870c2bb0704e3ea6082f344
  languageName: node
  linkType: hard

"unfetch@npm:^5.0.0":
  version: 5.0.0
  resolution: "unfetch@npm:5.0.0"
  checksum: 10c0/ccbbf648a384d57aeaf3bd4972761327a6cf60c84a3edb8e2f9d18aed0df6214576fc8fcd444ea87672e8e32f4a74590bc5c07756f053f57f492c6d8363045c9
  languageName: node
  linkType: hard

"vary@npm:^1":
  version: 1.1.2
  resolution: "vary@npm:1.1.2"
  checksum: 10c0/f15d588d79f3675135ba783c91a4083dcd290a2a5be9fcb6514220a1634e23df116847b1cc51f66bfb0644cf9353b2abb7815ae499bab06e46dd33c1a6bf1f4f
  languageName: node
  linkType: hard

"warning@npm:^4.0.2":
  version: 4.0.3
  resolution: "warning@npm:4.0.3"
  dependencies:
    loose-envify: "npm:^1.0.0"
  checksum: 10c0/aebab445129f3e104c271f1637fa38e55eb25f968593e3825bd2f7a12bd58dc3738bb70dc8ec85826621d80b4acfed5a29ebc9da17397c6125864d72301b937e
  languageName: node
  linkType: hard

"web-streams-polyfill@npm:^3.0.3":
  version: 3.3.3
  resolution: "web-streams-polyfill@npm:3.3.3"
  checksum: 10c0/64e855c47f6c8330b5436147db1c75cb7e7474d924166800e8e2aab5eb6c76aac4981a84261dd2982b3e754490900b99791c80ae1407a9fa0dcff74f82ea3a7f
  languageName: node
  linkType: hard

"which@npm:^2.0.1":
  version: 2.0.2
  resolution: "which@npm:2.0.2"
  dependencies:
    isexe: "npm:^2.0.0"
  bin:
    node-which: ./bin/node-which
  checksum: 10c0/66522872a768b60c2a65a57e8ad184e5372f5b6a9ca6d5f033d4b0dc98aff63995655a7503b9c0a2598936f532120e81dd8cc155e2e92ed662a2b9377cc4374f
  languageName: node
  linkType: hard

"yocto-queue@npm:^0.1.0":
  version: 0.1.0
  resolution: "yocto-queue@npm:0.1.0"
  checksum: 10c0/dceb44c28578b31641e13695d200d34ec4ab3966a5729814d5445b194933c096b7ced71494ce53a0e8820685d1d010df8b2422e5bf2cdea7e469d97ffbea306f
  languageName: node
  linkType: hard
